
Microsoft Visual Studio Solution File, Format Version 12.00
# Visual Studio 15
Project("{FAE04EC0-301F-11D3-BF4B-00C04F79EFBC}") = "UnityEngine.UI", "UnityEngine.UI.csproj", "{B22CF010-7A27-6ADF-B997-20C46FDD47F1}"
EndProject
Project("{FAE04EC0-301F-11D3-BF4B-00C04F79EFBC}") = "UnityEngine.TestRunner", "UnityEngine.TestRunner.csproj", "{FC33A58E-0C68-D679-0C49-3780E6DA4D53}"
EndProject
Project("{FAE04EC0-301F-11D3-BF4B-00C04F79EFBC}") = "Unity.Postprocessing.Runtime", "Unity.Postprocessing.Runtime.csproj", "{39A72B79-CFB9-ABAB-D548-D01A8FBEFE27}"
EndProject
Project("{FAE04EC0-301F-11D3-BF4B-00C04F79EFBC}") = "PhotonUnityNetworking.Utilities", "PhotonUnityNetworking.Utilities.csproj", "{D9714360-5B1B-BE78-5830-F0F06E350D3D}"
EndProject
Project("{FAE04EC0-301F-11D3-BF4B-00C04F79EFBC}") = "Unity.TextMeshPro", "Unity.TextMeshPro.csproj", "{AA1F0F6A-67B5-CBEE-8AA1-CFDD3DFCBC1B}"
EndProject
Project("{FAE04EC0-301F-11D3-BF4B-00C04F79EFBC}") = "Unity.Timeline", "Unity.Timeline.csproj", "{AD75A105-35D9-54D2-E8C4-881E2DD4A0E4}"
EndProject
Project("{FAE04EC0-301F-11D3-BF4B-00C04F79EFBC}") = "PhotonChat", "PhotonChat.csproj", "{315CE44B-76CA-40A2-4DC9-6C22570B09D6}"
EndProject
Project("{FAE04EC0-301F-11D3-BF4B-00C04F79EFBC}") = "PhotonUnityNetworking", "PhotonUnityNetworking.csproj", "{42A92715-C7CC-37F8-C50D-8DACA1D46E6C}"
EndProject
Project("{FAE04EC0-301F-11D3-BF4B-00C04F79EFBC}") = "PhotonRealtime", "PhotonRealtime.csproj", "{D33B6D92-013B-DD94-2728-2496E372F9B6}"
EndProject
Project("{FAE04EC0-301F-11D3-BF4B-00C04F79EFBC}") = "Assembly-CSharp", "Assembly-CSharp.csproj", "{E747F9BE-4791-8F93-A34A-CC7090E11571}"
EndProject
Project("{FAE04EC0-301F-11D3-BF4B-00C04F79EFBC}") = "UnityEditor.TestRunner", "UnityEditor.TestRunner.csproj", "{27FE4419-BFF4-B26E-E089-3FDD4CF2AD33}"
EndProject
Project("{FAE04EC0-301F-11D3-BF4B-00C04F79EFBC}") = "Unity.VisualStudio.Editor", "Unity.VisualStudio.Editor.csproj", "{2D053112-4A84-E8DC-736F-A272BF51E5FC}"
EndProject
Project("{FAE04EC0-301F-11D3-BF4B-00C04F79EFBC}") = "Unity.TextMeshPro.Editor", "Unity.TextMeshPro.Editor.csproj", "{F99647F1-462E-D72D-EF6A-D79B1340F26E}"
EndProject
Project("{FAE04EC0-301F-11D3-BF4B-00C04F79EFBC}") = "Unity.Timeline.Editor", "Unity.Timeline.Editor.csproj", "{09DBAA71-44D0-6FE2-EA2B-398639C3D882}"
EndProject
Project("{FAE04EC0-301F-11D3-BF4B-00C04F79EFBC}") = "Unity.PlasticSCM.Editor", "Unity.PlasticSCM.Editor.csproj", "{30846A9B-5499-E1EC-96E9-4BE426DAB5FB}"
EndProject
Project("{FAE04EC0-301F-11D3-BF4B-00C04F79EFBC}") = "UnityEditor.UI", "UnityEditor.UI.csproj", "{3FD2DE9C-09CB-4A85-BD9C-EAFF015334D6}"
EndProject
Project("{FAE04EC0-301F-11D3-BF4B-00C04F79EFBC}") = "Unity.Rider.Editor", "Unity.Rider.Editor.csproj", "{D650CB2C-6716-7F3E-E699-2135E59476E7}"
EndProject
Project("{FAE04EC0-301F-11D3-BF4B-00C04F79EFBC}") = "Unity.Postprocessing.Editor", "Unity.Postprocessing.Editor.csproj", "{3CA029D8-E210-E77D-58BF-4B3EAAF08E67}"
EndProject
Project("{FAE04EC0-301F-11D3-BF4B-00C04F79EFBC}") = "Unity.CollabProxy.Editor", "Unity.CollabProxy.Editor.csproj", "{8D4525C5-252E-21D8-5F09-D221DF97EFDE}"
EndProject
Project("{FAE04EC0-301F-11D3-BF4B-00C04F79EFBC}") = "Unity.VSCode.Editor", "Unity.VSCode.Editor.csproj", "{A0B1862A-8412-5B4F-F70D-CE7E17652374}"
EndProject
Project("{FAE04EC0-301F-11D3-BF4B-00C04F79EFBC}") = "PhotonUnityNetworking.Editor", "PhotonUnityNetworking.Editor.csproj", "{10E2F768-CD3E-F388-0DC0-04A94FA80109}"
EndProject
Project("{FAE04EC0-301F-11D3-BF4B-00C04F79EFBC}") = "Assembly-CSharp-Editor", "Assembly-CSharp-Editor.csproj", "{C098CE41-77E3-268A-88BA-C94B9B548A94}"
EndProject
Project("{FAE04EC0-301F-11D3-BF4B-00C04F79EFBC}") = "PhotonUnityNetworking.Utilities.PhotonPlayer.Editor", "PhotonUnityNetworking.Utilities.PhotonPlayer.Editor.csproj", "{3A35752F-0254-AF96-BF64-9A147DCCE9EF}"
EndProject
Project("{FAE04EC0-301F-11D3-BF4B-00C04F79EFBC}") = "PhotonUnityNetworking.Utilities.Culling.Editor", "PhotonUnityNetworking.Utilities.Culling.Editor.csproj", "{9EEB9B84-E028-0B68-E780-43D614F95AFD}"
EndProject
Project("{FAE04EC0-301F-11D3-BF4B-00C04F79EFBC}") = "UnityEngine.UI", "UnityEngine.UI.Player.csproj", "{F57E9CD5-7605-8F85-FB14-7B839009B64D}"
EndProject
Project("{FAE04EC0-301F-11D3-BF4B-00C04F79EFBC}") = "UnityEngine.TestRunner", "UnityEngine.TestRunner.Player.csproj", "{A8A85D94-4586-1EB8-718A-1E4F6BEAF640}"
EndProject
Project("{FAE04EC0-301F-11D3-BF4B-00C04F79EFBC}") = "Unity.Postprocessing.Runtime", "Unity.Postprocessing.Runtime.Player.csproj", "{59F4E9DC-8FA3-B788-0C68-D356C23C2B5C}"
EndProject
Project("{FAE04EC0-301F-11D3-BF4B-00C04F79EFBC}") = "PhotonUnityNetworking.Utilities", "PhotonUnityNetworking.Utilities.Player.csproj", "{5A804637-ABC1-AAAE-EF63-76272AF75C5B}"
EndProject
Project("{FAE04EC0-301F-11D3-BF4B-00C04F79EFBC}") = "Unity.TextMeshPro", "Unity.TextMeshPro.Player.csproj", "{013B4469-B625-BBB8-5D61-1E94366254FD}"
EndProject
Project("{FAE04EC0-301F-11D3-BF4B-00C04F79EFBC}") = "Unity.Timeline", "Unity.Timeline.Player.csproj", "{078A0F11-4A2E-D7C4-0FE7-2CC31798F955}"
EndProject
Project("{FAE04EC0-301F-11D3-BF4B-00C04F79EFBC}") = "PhotonChat", "PhotonChat.Player.csproj", "{F2EFA9F1-1384-A6B7-6A90-2C2AEA61E4F8}"
EndProject
Project("{FAE04EC0-301F-11D3-BF4B-00C04F79EFBC}") = "PhotonUnityNetworking", "PhotonUnityNetworking.Player.csproj", "{220DDDCC-5634-1099-834C-48C0F8864CEB}"
EndProject
Project("{FAE04EC0-301F-11D3-BF4B-00C04F79EFBC}") = "PhotonRealtime", "PhotonRealtime.Player.csproj", "{8D0EF731-A1CD-4D60-91F7-AB6BFFA9A368}"
EndProject
Project("{FAE04EC0-301F-11D3-BF4B-00C04F79EFBC}") = "Assembly-CSharp", "Assembly-CSharp.Player.csproj", "{2A52C6BF-E8BA-04FF-6E4D-73CA9EE0D069}"
EndProject
Global
	GlobalSection(SolutionConfigurationPlatforms) = preSolution
		Debug|Any CPU = Debug|Any CPU
		Release|Any CPU = Release|Any CPU
	EndGlobalSection
	GlobalSection(ProjectConfigurationPlatforms) = postSolution
		{B22CF010-7A27-6ADF-B997-20C46FDD47F1}.Debug|Any CPU.ActiveCfg = Debug|Any CPU
		{B22CF010-7A27-6ADF-B997-20C46FDD47F1}.Debug|Any CPU.Build.0 = Debug|Any CPU
		{B22CF010-7A27-6ADF-B997-20C46FDD47F1}.Release|Any CPU.ActiveCfg = Release|Any CPU
		{B22CF010-7A27-6ADF-B997-20C46FDD47F1}.Release|Any CPU.Build.0 = Release|Any CPU
		{FC33A58E-0C68-D679-0C49-3780E6DA4D53}.Debug|Any CPU.ActiveCfg = Debug|Any CPU
		{FC33A58E-0C68-D679-0C49-3780E6DA4D53}.Debug|Any CPU.Build.0 = Debug|Any CPU
		{FC33A58E-0C68-D679-0C49-3780E6DA4D53}.Release|Any CPU.ActiveCfg = Release|Any CPU
		{FC33A58E-0C68-D679-0C49-3780E6DA4D53}.Release|Any CPU.Build.0 = Release|Any CPU
		{39A72B79-CFB9-ABAB-D548-D01A8FBEFE27}.Debug|Any CPU.ActiveCfg = Debug|Any CPU
		{39A72B79-CFB9-ABAB-D548-D01A8FBEFE27}.Debug|Any CPU.Build.0 = Debug|Any CPU
		{39A72B79-CFB9-ABAB-D548-D01A8FBEFE27}.Release|Any CPU.ActiveCfg = Release|Any CPU
		{39A72B79-CFB9-ABAB-D548-D01A8FBEFE27}.Release|Any CPU.Build.0 = Release|Any CPU
		{D9714360-5B1B-BE78-5830-F0F06E350D3D}.Debug|Any CPU.ActiveCfg = Debug|Any CPU
		{D9714360-5B1B-BE78-5830-F0F06E350D3D}.Debug|Any CPU.Build.0 = Debug|Any CPU
		{D9714360-5B1B-BE78-5830-F0F06E350D3D}.Release|Any CPU.ActiveCfg = Release|Any CPU
		{D9714360-5B1B-BE78-5830-F0F06E350D3D}.Release|Any CPU.Build.0 = Release|Any CPU
		{AA1F0F6A-67B5-CBEE-8AA1-CFDD3DFCBC1B}.Debug|Any CPU.ActiveCfg = Debug|Any CPU
		{AA1F0F6A-67B5-CBEE-8AA1-CFDD3DFCBC1B}.Debug|Any CPU.Build.0 = Debug|Any CPU
		{AA1F0F6A-67B5-CBEE-8AA1-CFDD3DFCBC1B}.Release|Any CPU.ActiveCfg = Release|Any CPU
		{AA1F0F6A-67B5-CBEE-8AA1-CFDD3DFCBC1B}.Release|Any CPU.Build.0 = Release|Any CPU
		{AD75A105-35D9-54D2-E8C4-881E2DD4A0E4}.Debug|Any CPU.ActiveCfg = Debug|Any CPU
		{AD75A105-35D9-54D2-E8C4-881E2DD4A0E4}.Debug|Any CPU.Build.0 = Debug|Any CPU
		{AD75A105-35D9-54D2-E8C4-881E2DD4A0E4}.Release|Any CPU.ActiveCfg = Release|Any CPU
		{AD75A105-35D9-54D2-E8C4-881E2DD4A0E4}.Release|Any CPU.Build.0 = Release|Any CPU
		{315CE44B-76CA-40A2-4DC9-6C22570B09D6}.Debug|Any CPU.ActiveCfg = Debug|Any CPU
		{315CE44B-76CA-40A2-4DC9-6C22570B09D6}.Debug|Any CPU.Build.0 = Debug|Any CPU
		{315CE44B-76CA-40A2-4DC9-6C22570B09D6}.Release|Any CPU.ActiveCfg = Release|Any CPU
		{315CE44B-76CA-40A2-4DC9-6C22570B09D6}.Release|Any CPU.Build.0 = Release|Any CPU
		{42A92715-C7CC-37F8-C50D-8DACA1D46E6C}.Debug|Any CPU.ActiveCfg = Debug|Any CPU
		{42A92715-C7CC-37F8-C50D-8DACA1D46E6C}.Debug|Any CPU.Build.0 = Debug|Any CPU
		{42A92715-C7CC-37F8-C50D-8DACA1D46E6C}.Release|Any CPU.ActiveCfg = Release|Any CPU
		{42A92715-C7CC-37F8-C50D-8DACA1D46E6C}.Release|Any CPU.Build.0 = Release|Any CPU
		{D33B6D92-013B-DD94-2728-2496E372F9B6}.Debug|Any CPU.ActiveCfg = Debug|Any CPU
		{D33B6D92-013B-DD94-2728-2496E372F9B6}.Debug|Any CPU.Build.0 = Debug|Any CPU
		{D33B6D92-013B-DD94-2728-2496E372F9B6}.Release|Any CPU.ActiveCfg = Release|Any CPU
		{D33B6D92-013B-DD94-2728-2496E372F9B6}.Release|Any CPU.Build.0 = Release|Any CPU
		{E747F9BE-4791-8F93-A34A-CC7090E11571}.Debug|Any CPU.ActiveCfg = Debug|Any CPU
		{E747F9BE-4791-8F93-A34A-CC7090E11571}.Debug|Any CPU.Build.0 = Debug|Any CPU
		{E747F9BE-4791-8F93-A34A-CC7090E11571}.Release|Any CPU.ActiveCfg = Release|Any CPU
		{E747F9BE-4791-8F93-A34A-CC7090E11571}.Release|Any CPU.Build.0 = Release|Any CPU
		{27FE4419-BFF4-B26E-E089-3FDD4CF2AD33}.Debug|Any CPU.ActiveCfg = Debug|Any CPU
		{27FE4419-BFF4-B26E-E089-3FDD4CF2AD33}.Debug|Any CPU.Build.0 = Debug|Any CPU
		{27FE4419-BFF4-B26E-E089-3FDD4CF2AD33}.Release|Any CPU.ActiveCfg = Release|Any CPU
		{27FE4419-BFF4-B26E-E089-3FDD4CF2AD33}.Release|Any CPU.Build.0 = Release|Any CPU
		{2D053112-4A84-E8DC-736F-A272BF51E5FC}.Debug|Any CPU.ActiveCfg = Debug|Any CPU
		{2D053112-4A84-E8DC-736F-A272BF51E5FC}.Debug|Any CPU.Build.0 = Debug|Any CPU
		{2D053112-4A84-E8DC-736F-A272BF51E5FC}.Release|Any CPU.ActiveCfg = Release|Any CPU
		{2D053112-4A84-E8DC-736F-A272BF51E5FC}.Release|Any CPU.Build.0 = Release|Any CPU
		{F99647F1-462E-D72D-EF6A-D79B1340F26E}.Debug|Any CPU.ActiveCfg = Debug|Any CPU
		{F99647F1-462E-D72D-EF6A-D79B1340F26E}.Debug|Any CPU.Build.0 = Debug|Any CPU
		{F99647F1-462E-D72D-EF6A-D79B1340F26E}.Release|Any CPU.ActiveCfg = Release|Any CPU
		{F99647F1-462E-D72D-EF6A-D79B1340F26E}.Release|Any CPU.Build.0 = Release|Any CPU
		{09DBAA71-44D0-6FE2-EA2B-398639C3D882}.Debug|Any CPU.ActiveCfg = Debug|Any CPU
		{09DBAA71-44D0-6FE2-EA2B-398639C3D882}.Debug|Any CPU.Build.0 = Debug|Any CPU
		{09DBAA71-44D0-6FE2-EA2B-398639C3D882}.Release|Any CPU.ActiveCfg = Release|Any CPU
		{09DBAA71-44D0-6FE2-EA2B-398639C3D882}.Release|Any CPU.Build.0 = Release|Any CPU
		{30846A9B-5499-E1EC-96E9-4BE426DAB5FB}.Debug|Any CPU.ActiveCfg = Debug|Any CPU
		{30846A9B-5499-E1EC-96E9-4BE426DAB5FB}.Debug|Any CPU.Build.0 = Debug|Any CPU
		{30846A9B-5499-E1EC-96E9-4BE426DAB5FB}.Release|Any CPU.ActiveCfg = Release|Any CPU
		{30846A9B-5499-E1EC-96E9-4BE426DAB5FB}.Release|Any CPU.Build.0 = Release|Any CPU
		{3FD2DE9C-09CB-4A85-BD9C-EAFF015334D6}.Debug|Any CPU.ActiveCfg = Debug|Any CPU
		{3FD2DE9C-09CB-4A85-BD9C-EAFF015334D6}.Debug|Any CPU.Build.0 = Debug|Any CPU
		{3FD2DE9C-09CB-4A85-BD9C-EAFF015334D6}.Release|Any CPU.ActiveCfg = Release|Any CPU
		{3FD2DE9C-09CB-4A85-BD9C-EAFF015334D6}.Release|Any CPU.Build.0 = Release|Any CPU
		{D650CB2C-6716-7F3E-E699-2135E59476E7}.Debug|Any CPU.ActiveCfg = Debug|Any CPU
		{D650CB2C-6716-7F3E-E699-2135E59476E7}.Debug|Any CPU.Build.0 = Debug|Any CPU
		{D650CB2C-6716-7F3E-E699-2135E59476E7}.Release|Any CPU.ActiveCfg = Release|Any CPU
		{D650CB2C-6716-7F3E-E699-2135E59476E7}.Release|Any CPU.Build.0 = Release|Any CPU
		{3CA029D8-E210-E77D-58BF-4B3EAAF08E67}.Debug|Any CPU.ActiveCfg = Debug|Any CPU
		{3CA029D8-E210-E77D-58BF-4B3EAAF08E67}.Debug|Any CPU.Build.0 = Debug|Any CPU
		{3CA029D8-E210-E77D-58BF-4B3EAAF08E67}.Release|Any CPU.ActiveCfg = Release|Any CPU
		{3CA029D8-E210-E77D-58BF-4B3EAAF08E67}.Release|Any CPU.Build.0 = Release|Any CPU
		{8D4525C5-252E-21D8-5F09-D221DF97EFDE}.Debug|Any CPU.ActiveCfg = Debug|Any CPU
		{8D4525C5-252E-21D8-5F09-D221DF97EFDE}.Debug|Any CPU.Build.0 = Debug|Any CPU
		{8D4525C5-252E-21D8-5F09-D221DF97EFDE}.Release|Any CPU.ActiveCfg = Release|Any CPU
		{8D4525C5-252E-21D8-5F09-D221DF97EFDE}.Release|Any CPU.Build.0 = Release|Any CPU
		{A0B1862A-8412-5B4F-F70D-CE7E17652374}.Debug|Any CPU.ActiveCfg = Debug|Any CPU
		{A0B1862A-8412-5B4F-F70D-CE7E17652374}.Debug|Any CPU.Build.0 = Debug|Any CPU
		{A0B1862A-8412-5B4F-F70D-CE7E17652374}.Release|Any CPU.ActiveCfg = Release|Any CPU
		{A0B1862A-8412-5B4F-F70D-CE7E17652374}.Release|Any CPU.Build.0 = Release|Any CPU
		{10E2F768-CD3E-F388-0DC0-04A94FA80109}.Debug|Any CPU.ActiveCfg = Debug|Any CPU
		{10E2F768-CD3E-F388-0DC0-04A94FA80109}.Debug|Any CPU.Build.0 = Debug|Any CPU
		{10E2F768-CD3E-F388-0DC0-04A94FA80109}.Release|Any CPU.ActiveCfg = Release|Any CPU
		{10E2F768-CD3E-F388-0DC0-04A94FA80109}.Release|Any CPU.Build.0 = Release|Any CPU
		{C098CE41-77E3-268A-88BA-C94B9B548A94}.Debug|Any CPU.ActiveCfg = Debug|Any CPU
		{C098CE41-77E3-268A-88BA-C94B9B548A94}.Debug|Any CPU.Build.0 = Debug|Any CPU
		{C098CE41-77E3-268A-88BA-C94B9B548A94}.Release|Any CPU.ActiveCfg = Release|Any CPU
		{C098CE41-77E3-268A-88BA-C94B9B548A94}.Release|Any CPU.Build.0 = Release|Any CPU
		{3A35752F-0254-AF96-BF64-9A147DCCE9EF}.Debug|Any CPU.ActiveCfg = Debug|Any CPU
		{3A35752F-0254-AF96-BF64-9A147DCCE9EF}.Debug|Any CPU.Build.0 = Debug|Any CPU
		{3A35752F-0254-AF96-BF64-9A147DCCE9EF}.Release|Any CPU.ActiveCfg = Release|Any CPU
		{3A35752F-0254-AF96-BF64-9A147DCCE9EF}.Release|Any CPU.Build.0 = Release|Any CPU
		{9EEB9B84-E028-0B68-E780-43D614F95AFD}.Debug|Any CPU.ActiveCfg = Debug|Any CPU
		{9EEB9B84-E028-0B68-E780-43D614F95AFD}.Debug|Any CPU.Build.0 = Debug|Any CPU
		{9EEB9B84-E028-0B68-E780-43D614F95AFD}.Release|Any CPU.ActiveCfg = Release|Any CPU
		{9EEB9B84-E028-0B68-E780-43D614F95AFD}.Release|Any CPU.Build.0 = Release|Any CPU
		{F57E9CD5-7605-8F85-FB14-7B839009B64D}.Debug|Any CPU.ActiveCfg = Debug|Any CPU
		{F57E9CD5-7605-8F85-FB14-7B839009B64D}.Debug|Any CPU.Build.0 = Debug|Any CPU
		{F57E9CD5-7605-8F85-FB14-7B839009B64D}.Release|Any CPU.ActiveCfg = Release|Any CPU
		{F57E9CD5-7605-8F85-FB14-7B839009B64D}.Release|Any CPU.Build.0 = Release|Any CPU
		{A8A85D94-4586-1EB8-718A-1E4F6BEAF640}.Debug|Any CPU.ActiveCfg = Debug|Any CPU
		{A8A85D94-4586-1EB8-718A-1E4F6BEAF640}.Debug|Any CPU.Build.0 = Debug|Any CPU
		{A8A85D94-4586-1EB8-718A-1E4F6BEAF640}.Release|Any CPU.ActiveCfg = Release|Any CPU
		{A8A85D94-4586-1EB8-718A-1E4F6BEAF640}.Release|Any CPU.Build.0 = Release|Any CPU
		{59F4E9DC-8FA3-B788-0C68-D356C23C2B5C}.Debug|Any CPU.ActiveCfg = Debug|Any CPU
		{59F4E9DC-8FA3-B788-0C68-D356C23C2B5C}.Debug|Any CPU.Build.0 = Debug|Any CPU
		{59F4E9DC-8FA3-B788-0C68-D356C23C2B5C}.Release|Any CPU.ActiveCfg = Release|Any CPU
		{59F4E9DC-8FA3-B788-0C68-D356C23C2B5C}.Release|Any CPU.Build.0 = Release|Any CPU
		{5A804637-ABC1-AAAE-EF63-76272AF75C5B}.Debug|Any CPU.ActiveCfg = Debug|Any CPU
		{5A804637-ABC1-AAAE-EF63-76272AF75C5B}.Debug|Any CPU.Build.0 = Debug|Any CPU
		{5A804637-ABC1-AAAE-EF63-76272AF75C5B}.Release|Any CPU.ActiveCfg = Release|Any CPU
		{5A804637-ABC1-AAAE-EF63-76272AF75C5B}.Release|Any CPU.Build.0 = Release|Any CPU
		{013B4469-B625-BBB8-5D61-1E94366254FD}.Debug|Any CPU.ActiveCfg = Debug|Any CPU
		{013B4469-B625-BBB8-5D61-1E94366254FD}.Debug|Any CPU.Build.0 = Debug|Any CPU
		{013B4469-B625-BBB8-5D61-1E94366254FD}.Release|Any CPU.ActiveCfg = Release|Any CPU
		{013B4469-B625-BBB8-5D61-1E94366254FD}.Release|Any CPU.Build.0 = Release|Any CPU
		{078A0F11-4A2E-D7C4-0FE7-2CC31798F955}.Debug|Any CPU.ActiveCfg = Debug|Any CPU
		{078A0F11-4A2E-D7C4-0FE7-2CC31798F955}.Debug|Any CPU.Build.0 = Debug|Any CPU
		{078A0F11-4A2E-D7C4-0FE7-2CC31798F955}.Release|Any CPU.ActiveCfg = Release|Any CPU
		{078A0F11-4A2E-D7C4-0FE7-2CC31798F955}.Release|Any CPU.Build.0 = Release|Any CPU
		{F2EFA9F1-1384-A6B7-6A90-2C2AEA61E4F8}.Debug|Any CPU.ActiveCfg = Debug|Any CPU
		{F2EFA9F1-1384-A6B7-6A90-2C2AEA61E4F8}.Debug|Any CPU.Build.0 = Debug|Any CPU
		{F2EFA9F1-1384-A6B7-6A90-2C2AEA61E4F8}.Release|Any CPU.ActiveCfg = Release|Any CPU
		{F2EFA9F1-1384-A6B7-6A90-2C2AEA61E4F8}.Release|Any CPU.Build.0 = Release|Any CPU
		{220DDDCC-5634-1099-834C-48C0F8864CEB}.Debug|Any CPU.ActiveCfg = Debug|Any CPU
		{220DDDCC-5634-1099-834C-48C0F8864CEB}.Debug|Any CPU.Build.0 = Debug|Any CPU
		{220DDDCC-5634-1099-834C-48C0F8864CEB}.Release|Any CPU.ActiveCfg = Release|Any CPU
		{220DDDCC-5634-1099-834C-48C0F8864CEB}.Release|Any CPU.Build.0 = Release|Any CPU
		{8D0EF731-A1CD-4D60-91F7-AB6BFFA9A368}.Debug|Any CPU.ActiveCfg = Debug|Any CPU
		{8D0EF731-A1CD-4D60-91F7-AB6BFFA9A368}.Debug|Any CPU.Build.0 = Debug|Any CPU
		{8D0EF731-A1CD-4D60-91F7-AB6BFFA9A368}.Release|Any CPU.ActiveCfg = Release|Any CPU
		{8D0EF731-A1CD-4D60-91F7-AB6BFFA9A368}.Release|Any CPU.Build.0 = Release|Any CPU
		{2A52C6BF-E8BA-04FF-6E4D-73CA9EE0D069}.Debug|Any CPU.ActiveCfg = Debug|Any CPU
		{2A52C6BF-E8BA-04FF-6E4D-73CA9EE0D069}.Debug|Any CPU.Build.0 = Debug|Any CPU
		{2A52C6BF-E8BA-04FF-6E4D-73CA9EE0D069}.Release|Any CPU.ActiveCfg = Release|Any CPU
		{2A52C6BF-E8BA-04FF-6E4D-73CA9EE0D069}.Release|Any CPU.Build.0 = Release|Any CPU
	EndGlobalSection
	GlobalSection(SolutionProperties) = preSolution
		HideSolutionNode = FALSE
	EndGlobalSection
EndGlobal
